
Microsoft Visual Studio Solution File, Format Version 12.00
# Visual Studio Version 17
VisualStudioVersion = 17.5.33516.290
MinimumVisualStudioVersion = 10.0.40219.1
Project("{FAE04EC0-301F-11D3-BF4B-00C04F79EFBC}") = "E-Commerce", "E-Commerce.csproj", "{649B2FD4-AF8C-43F2-B011-F219778F6505}"
EndProject
Global
	GlobalSection(SolutionConfigurationPlatforms) = preSolution
		Debug|Any CPU = Debug|Any CPU
		Release|Any CPU = Release|Any CPU
	EndGlobalSection
	GlobalSection(ProjectConfigurationPlatforms) = postSolution
		{649B2FD4-AF8C-43F2-B011-F219778F6505}.Debug|Any CPU.ActiveCfg = Debug|Any CPU
		{649B2FD4-AF8C-43F2-B011-F219778F6505}.Debug|Any CPU.Build.0 = Debug|Any CPU
		{649B2FD4-AF8C-43F2-B011-F219778F6505}.Release|Any CPU.ActiveCfg = Release|Any CPU
		{649B2FD4-AF8C-43F2-B011-F219778F6505}.Release|Any CPU.Build.0 = Release|Any CPU
	EndGlobalSection
	GlobalSection(SolutionProperties) = preSolution
		HideSolutionNode = FALSE
	EndGlobalSection
	GlobalSection(ExtensibilityGlobals) = postSolution
		SolutionGuid = {670ADCA5-4244-44D5-98AD-ACCE82317862}
	EndGlobalSection
EndGlobal
